// !$*UTF8*$!
{
	archiveVersion = 1;
	classes = {
	};
	objectVersion = 46;
	objects = {

/* Begin PBXBuildFile section */
		54605AD41D62324900EBE5DD /* SongSearchBar.swift in Sources */ = {isa = PBXBuildFile; fileRef = 54605AD31D62324900EBE5DD /* SongSearchBar.swift */; };
		54647EDC1D6317690010F8DE /* Pulsator.swift in Sources */ = {isa = PBXBuildFile; fileRef = 54647EDA1D6317690010F8DE /* Pulsator.swift */; };
		54CEAD251D5F1C85003D916C /* AppDelegate.swift in Sources */ = {isa = PBXBuildFile; fileRef = 54CEAD241D5F1C85003D916C /* AppDelegate.swift */; };
		54CEAD2A1D5F1C85003D916C /* Main.storyboard in Resources */ = {isa = PBXBuildFile; fileRef = 54CEAD281D5F1C85003D916C /* Main.storyboard */; };
		54CEAD2C1D5F1C85003D916C /* Assets.xcassets in Resources */ = {isa = PBXBuildFile; fileRef = 54CEAD2B1D5F1C85003D916C /* Assets.xcassets */; };
		54CEAD2F1D5F1C85003D916C /* LaunchScreen.storyboard in Resources */ = {isa = PBXBuildFile; fileRef = 54CEAD2D1D5F1C85003D916C /* LaunchScreen.storyboard */; };
		54CEAD441D5F7656003D916C /* SongCollectionViewCell.swift in Sources */ = {isa = PBXBuildFile; fileRef = 54CEAD421D5F7656003D916C /* SongCollectionViewCell.swift */; };
		54CEAD451D5F7656003D916C /* SongCollectionViewCell.xib in Resources */ = {isa = PBXBuildFile; fileRef = 54CEAD431D5F7656003D916C /* SongCollectionViewCell.xib */; };
		54CEAD481D5F77A8003D916C /* CellInterface.swift in Sources */ = {isa = PBXBuildFile; fileRef = 54CEAD471D5F77A8003D916C /* CellInterface.swift */; };
		54CEAD4F1D5F7B00003D916C /* Song.swift in Sources */ = {isa = PBXBuildFile; fileRef = 54CEAD4E1D5F7B00003D916C /* Song.swift */; };
		54CEAD521D5F7C36003D916C /* MusicDataProvider.swift in Sources */ = {isa = PBXBuildFile; fileRef = 54CEAD511D5F7C36003D916C /* MusicDataProvider.swift */; };
		54CEAD551D6141A6003D916C /* SongTableViewCell.xib in Resources */ = {isa = PBXBuildFile; fileRef = 54CEAD541D6141A6003D916C /* SongTableViewCell.xib */; };
		54CEAD571D61432F003D916C /* SongTableViewCell.swift in Sources */ = {isa = PBXBuildFile; fileRef = 54CEAD561D61432F003D916C /* SongTableViewCell.swift */; };
		54CEAD651D618404003D916C /* DropdownItem.swift in Sources */ = {isa = PBXBuildFile; fileRef = 54CEAD611D618404003D916C /* DropdownItem.swift */; };
		54CEAD661D618405003D916C /* DropdownMenu.swift in Sources */ = {isa = PBXBuildFile; fileRef = 54CEAD631D618404003D916C /* DropdownMenu.swift */; };
		54CEAD671D618405003D916C /* DropUpMenu.swift in Sources */ = {isa = PBXBuildFile; fileRef = 54CEAD641D618404003D916C /* DropUpMenu.swift */; };
		54CEAD6D1D61ABD7003D916C /* DevicesViewController.swift in Sources */ = {isa = PBXBuildFile; fileRef = 54CEAD6B1D61ABD7003D916C /* DevicesViewController.swift */; };
		54CEAD6E1D61ABD7003D916C /* ViewController.swift in Sources */ = {isa = PBXBuildFile; fileRef = 54CEAD6C1D61ABD7003D916C /* ViewController.swift */; };
		54CEAD701D61B946003D916C /* MediaPlayer.framework in Frameworks */ = {isa = PBXBuildFile; fileRef = 54CEAD6F1D61B946003D916C /* MediaPlayer.framework */; };
		54CEAD721D61B94E003D916C /* AVFoundation.framework in Frameworks */ = {isa = PBXBuildFile; fileRef = 54CEAD711D61B94E003D916C /* AVFoundation.framework */; };
		54CEAD771D61C19F003D916C /* Info.plist in Resources */ = {isa = PBXBuildFile; fileRef = 54CEAD741D61C19F003D916C /* Info.plist */; };
		54CEAD781D61C19F003D916C /* LinearProgressView.swift in Sources */ = {isa = PBXBuildFile; fileRef = 54CEAD761D61C19F003D916C /* LinearProgressView.swift */; };
		54CEAD7A1D61CC09003D916C /* SongProgressBar.swift in Sources */ = {isa = PBXBuildFile; fileRef = 54CEAD791D61CC09003D916C /* SongProgressBar.swift */; };
		9FEB418975FDD81D62F20CBE /* Pods_Audile.framework in Frameworks */ = {isa = PBXBuildFile; fileRef = 19FB2B6502C37E901A0BFC15 /* Pods_Audile.framework */; };
/* End PBXBuildFile section */

/* Begin PBXFileReference section */
		19FB2B6502C37E901A0BFC15 /* Pods_Audile.framework */ = {isa = PBXFileReference; explicitFileType = wrapper.framework; includeInIndex = 0; path = Pods_Audile.framework; sourceTree = BUILT_PRODUCTS_DIR; };
		1A29B2B030057DC15A3917E2 /* Pods-Audile.release.xcconfig */ = {isa = PBXFileReference; includeInIndex = 1; lastKnownFileType = text.xcconfig; name = "Pods-Audile.release.xcconfig"; path = "Pods/Target Support Files/Pods-Audile/Pods-Audile.release.xcconfig"; sourceTree = "<group>"; };
		2E8BBDA634F6D31BAFBD94BC /* Pods-Audile.debug.xcconfig */ = {isa = PBXFileReference; includeInIndex = 1; lastKnownFileType = text.xcconfig; name = "Pods-Audile.debug.xcconfig"; path = "Pods/Target Support Files/Pods-Audile/Pods-Audile.debug.xcconfig"; sourceTree = "<group>"; };
		54605AD31D62324900EBE5DD /* SongSearchBar.swift */ = {isa = PBXFileReference; fileEncoding = 4; lastKnownFileType = sourcecode.swift; path = SongSearchBar.swift; sourceTree = "<group>"; };
		54647EDA1D6317690010F8DE /* Pulsator.swift */ = {isa = PBXFileReference; fileEncoding = 4; lastKnownFileType = sourcecode.swift; path = Pulsator.swift; sourceTree = "<group>"; };
		54CEAD211D5F1C85003D916C /* Audile.app */ = {isa = PBXFileReference; explicitFileType = wrapper.application; includeInIndex = 0; path = Audile.app; sourceTree = BUILT_PRODUCTS_DIR; };
		54CEAD241D5F1C85003D916C /* AppDelegate.swift */ = {isa = PBXFileReference; lastKnownFileType = sourcecode.swift; path = AppDelegate.swift; sourceTree = "<group>"; };
		54CEAD291D5F1C85003D916C /* Base */ = {isa = PBXFileReference; lastKnownFileType = file.storyboard; name = Base; path = Base.lproj/Main.storyboard; sourceTree = "<group>"; };
		54CEAD2B1D5F1C85003D916C /* Assets.xcassets */ = {isa = PBXFileReference; lastKnownFileType = folder.assetcatalog; path = Assets.xcassets; sourceTree = "<group>"; };
		54CEAD2E1D5F1C85003D916C /* Base */ = {isa = PBXFileReference; lastKnownFileType = file.storyboard; name = Base; path = Base.lproj/LaunchScreen.storyboard; sourceTree = "<group>"; };
		54CEAD301D5F1C85003D916C /* Info.plist */ = {isa = PBXFileReference; lastKnownFileType = text.plist.xml; path = Info.plist; sourceTree = "<group>"; };
		54CEAD421D5F7656003D916C /* SongCollectionViewCell.swift */ = {isa = PBXFileReference; fileEncoding = 4; lastKnownFileType = sourcecode.swift; path = SongCollectionViewCell.swift; sourceTree = "<group>"; };
		54CEAD431D5F7656003D916C /* SongCollectionViewCell.xib */ = {isa = PBXFileReference; fileEncoding = 4; lastKnownFileType = file.xib; path = SongCollectionViewCell.xib; sourceTree = "<group>"; };
		54CEAD471D5F77A8003D916C /* CellInterface.swift */ = {isa = PBXFileReference; fileEncoding = 4; lastKnownFileType = sourcecode.swift; path = CellInterface.swift; sourceTree = "<group>"; };
		54CEAD4E1D5F7B00003D916C /* Song.swift */ = {isa = PBXFileReference; fileEncoding = 4; lastKnownFileType = sourcecode.swift; path = Song.swift; sourceTree = "<group>"; };
		54CEAD511D5F7C36003D916C /* MusicDataProvider.swift */ = {isa = PBXFileReference; fileEncoding = 4; lastKnownFileType = sourcecode.swift; path = MusicDataProvider.swift; sourceTree = "<group>"; };
		54CEAD541D6141A6003D916C /* SongTableViewCell.xib */ = {isa = PBXFileReference; fileEncoding = 4; lastKnownFileType = file.xib; name = SongTableViewCell.xib; path = SongTableViewCell/SongTableViewCell.xib; sourceTree = "<group>"; };
		54CEAD561D61432F003D916C /* SongTableViewCell.swift */ = {isa = PBXFileReference; fileEncoding = 4; lastKnownFileType = sourcecode.swift; name = SongTableViewCell.swift; path = SongTableViewCell/SongTableViewCell.swift; sourceTree = "<group>"; };
		54CEAD611D618404003D916C /* DropdownItem.swift */ = {isa = PBXFileReference; fileEncoding = 4; lastKnownFileType = sourcecode.swift; path = DropdownItem.swift; sourceTree = "<group>"; };
		54CEAD621D618404003D916C /* DropdownMenu.h */ = {isa = PBXFileReference; fileEncoding = 4; lastKnownFileType = sourcecode.c.h; path = DropdownMenu.h; sourceTree = "<group>"; };
		54CEAD631D618404003D916C /* DropdownMenu.swift */ = {isa = PBXFileReference; fileEncoding = 4; lastKnownFileType = sourcecode.swift; path = DropdownMenu.swift; sourceTree = "<group>"; };
		54CEAD641D618404003D916C /* DropUpMenu.swift */ = {isa = PBXFileReference; fileEncoding = 4; lastKnownFileType = sourcecode.swift; path = DropUpMenu.swift; sourceTree = "<group>"; };
		54CEAD6B1D61ABD7003D916C /* DevicesViewController.swift */ = {isa = PBXFileReference; fileEncoding = 4; lastKnownFileType = sourcecode.swift; path = DevicesViewController.swift; sourceTree = "<group>"; };
		54CEAD6C1D61ABD7003D916C /* ViewController.swift */ = {isa = PBXFileReference; fileEncoding = 4; lastKnownFileType = sourcecode.swift; path = ViewController.swift; sourceTree = "<group>"; };
		54CEAD6F1D61B946003D916C /* MediaPlayer.framework */ = {isa = PBXFileReference; lastKnownFileType = wrapper.framework; name = MediaPlayer.framework; path = System/Library/Frameworks/MediaPlayer.framework; sourceTree = SDKROOT; };
		54CEAD711D61B94E003D916C /* AVFoundation.framework */ = {isa = PBXFileReference; lastKnownFileType = wrapper.framework; name = AVFoundation.framework; path = System/Library/Frameworks/AVFoundation.framework; sourceTree = SDKROOT; };
		54CEAD741D61C19F003D916C /* Info.plist */ = {isa = PBXFileReference; fileEncoding = 4; lastKnownFileType = text.plist.xml; path = Info.plist; sourceTree = "<group>"; };
		54CEAD751D61C19F003D916C /* LinearProgressBar.h */ = {isa = PBXFileReference; fileEncoding = 4; lastKnownFileType = sourcecode.c.h; path = LinearProgressBar.h; sourceTree = "<group>"; };
		54CEAD761D61C19F003D916C /* LinearProgressView.swift */ = {isa = PBXFileReference; fileEncoding = 4; lastKnownFileType = sourcecode.swift; path = LinearProgressView.swift; sourceTree = "<group>"; };
		54CEAD791D61CC09003D916C /* SongProgressBar.swift */ = {isa = PBXFileReference; fileEncoding = 4; lastKnownFileType = sourcecode.swift; path = SongProgressBar.swift; sourceTree = "<group>"; };
/* End PBXFileReference section */

/* Begin PBXFrameworksBuildPhase section */
		54CEAD1E1D5F1C85003D916C /* Frameworks */ = {
			isa = PBXFrameworksBuildPhase;
			buildActionMask = 2147483647;
			files = (
				54CEAD721D61B94E003D916C /* AVFoundation.framework in Frameworks */,
				54CEAD701D61B946003D916C /* MediaPlayer.framework in Frameworks */,
				9FEB418975FDD81D62F20CBE /* Pods_Audile.framework in Frameworks */,
			);
			runOnlyForDeploymentPostprocessing = 0;
		};
/* End PBXFrameworksBuildPhase section */

/* Begin PBXGroup section */
		54647ED71D6317690010F8DE /* Pulsator */ = {
			isa = PBXGroup;
			children = (
				54647EDA1D6317690010F8DE /* Pulsator.swift */,
			);
			path = Pulsator;
			sourceTree = "<group>";
		};
		54CEAD181D5F1C85003D916C = {
			isa = PBXGroup;
			children = (
				54CEAD231D5F1C85003D916C /* Audile */,
				54CEAD581D617238003D916C /* frameworks */,
				54CEAD221D5F1C85003D916C /* Products */,
				8E86237632318CB217044612 /* Pods */,
				FCA3354AE52CFFF8CA3C795C /* Frameworks */,
			);
			sourceTree = "<group>";
		};
		54CEAD221D5F1C85003D916C /* Products */ = {
			isa = PBXGroup;
			children = (
				54CEAD211D5F1C85003D916C /* Audile.app */,
			);
			name = Products;
			sourceTree = "<group>";
		};
		54CEAD231D5F1C85003D916C /* Audile */ = {
			isa = PBXGroup;
			children = (
				54647ED71D6317690010F8DE /* Pulsator */,
				54CEAD731D61C19F003D916C /* LinearProgressBar */,
				54CEAD601D618404003D916C /* DropDownMenu */,
				54CEAD501D5F7C36003D916C /* MusicDataProvider */,
				54CEAD491D5F7ADF003D916C /* Models */,
				54CEAD461D5F77A8003D916C /* Protocols */,
				54CEAD6A1D61ABD7003D916C /* ViewControllers */,
				54CEAD401D5F7656003D916C /* Views */,
				54CEAD241D5F1C85003D916C /* AppDelegate.swift */,
				54CEAD281D5F1C85003D916C /* Main.storyboard */,
				54CEAD2B1D5F1C85003D916C /* Assets.xcassets */,
				54CEAD2D1D5F1C85003D916C /* LaunchScreen.storyboard */,
				54CEAD301D5F1C85003D916C /* Info.plist */,
			);
			path = Audile;
			sourceTree = "<group>";
		};
		54CEAD401D5F7656003D916C /* Views */ = {
			isa = PBXGroup;
			children = (
				54CEAD531D6136FD003D916C /* SongTableViewCells */,
				54CEAD411D5F7656003D916C /* SongCollectionViewCells */,
				54CEAD791D61CC09003D916C /* SongProgressBar.swift */,
				54605AD31D62324900EBE5DD /* SongSearchBar.swift */,
			);
			path = Views;
			sourceTree = "<group>";
		};
		54CEAD411D5F7656003D916C /* SongCollectionViewCells */ = {
			isa = PBXGroup;
			children = (
				54CEAD421D5F7656003D916C /* SongCollectionViewCell.swift */,
				54CEAD431D5F7656003D916C /* SongCollectionViewCell.xib */,
			);
			path = SongCollectionViewCells;
			sourceTree = "<group>";
		};
		54CEAD461D5F77A8003D916C /* Protocols */ = {
			isa = PBXGroup;
			children = (
				54CEAD471D5F77A8003D916C /* CellInterface.swift */,
			);
			path = Protocols;
			sourceTree = "<group>";
		};
		54CEAD491D5F7ADF003D916C /* Models */ = {
			isa = PBXGroup;
			children = (
				54CEAD4D1D5F7B00003D916C /* Song */,
			);
			path = Models;
			sourceTree = "<group>";
		};
		54CEAD4D1D5F7B00003D916C /* Song */ = {
			isa = PBXGroup;
			children = (
				54CEAD4E1D5F7B00003D916C /* Song.swift */,
			);
			path = Song;
			sourceTree = "<group>";
		};
		54CEAD501D5F7C36003D916C /* MusicDataProvider */ = {
			isa = PBXGroup;
			children = (
				54CEAD511D5F7C36003D916C /* MusicDataProvider.swift */,
			);
			name = MusicDataProvider;
			path = DataProviders/MusicDataProvider;
			sourceTree = "<group>";
		};
		54CEAD531D6136FD003D916C /* SongTableViewCells */ = {
			isa = PBXGroup;
			children = (
				54CEAD541D6141A6003D916C /* SongTableViewCell.xib */,
				54CEAD561D61432F003D916C /* SongTableViewCell.swift */,
			);
			name = SongTableViewCells;
			sourceTree = "<group>";
		};
		54CEAD581D617238003D916C /* frameworks */ = {
			isa = PBXGroup;
			children = (
				54CEAD6F1D61B946003D916C /* MediaPlayer.framework */,
				54CEAD711D61B94E003D916C /* AVFoundation.framework */,
			);
			name = frameworks;
			path = Audile/frameworks;
			sourceTree = "<group>";
		};
		54CEAD601D618404003D916C /* DropDownMenu */ = {
			isa = PBXGroup;
			children = (
				54CEAD611D618404003D916C /* DropdownItem.swift */,
				54CEAD621D618404003D916C /* DropdownMenu.h */,
				54CEAD631D618404003D916C /* DropdownMenu.swift */,
				54CEAD641D618404003D916C /* DropUpMenu.swift */,
			);
			path = DropDownMenu;
			sourceTree = "<group>";
		};
		54CEAD6A1D61ABD7003D916C /* ViewControllers */ = {
			isa = PBXGroup;
			children = (
				54CEAD6B1D61ABD7003D916C /* DevicesViewController.swift */,
				54CEAD6C1D61ABD7003D916C /* ViewController.swift */,
			);
			path = ViewControllers;
			sourceTree = "<group>";
		};
		54CEAD731D61C19F003D916C /* LinearProgressBar */ = {
			isa = PBXGroup;
			children = (
				54CEAD741D61C19F003D916C /* Info.plist */,
				54CEAD751D61C19F003D916C /* LinearProgressBar.h */,
				54CEAD761D61C19F003D916C /* LinearProgressView.swift */,
			);
			path = LinearProgressBar;
			sourceTree = "<group>";
		};
		8E86237632318CB217044612 /* Pods */ = {
			isa = PBXGroup;
			children = (
				2E8BBDA634F6D31BAFBD94BC /* Pods-Audile.debug.xcconfig */,
				1A29B2B030057DC15A3917E2 /* Pods-Audile.release.xcconfig */,
			);
			name = Pods;
			sourceTree = "<group>";
		};
		FCA3354AE52CFFF8CA3C795C /* Frameworks */ = {
			isa = PBXGroup;
			children = (
				19FB2B6502C37E901A0BFC15 /* Pods_Audile.framework */,
			);
			name = Frameworks;
			sourceTree = "<group>";
		};
/* End PBXGroup section */

/* Begin PBXNativeTarget section */
		54CEAD201D5F1C85003D916C /* Audile */ = {
			isa = PBXNativeTarget;
			buildConfigurationList = 54CEAD331D5F1C85003D916C /* Build configuration list for PBXNativeTarget "Audile" */;
			buildPhases = (
				95DD1D7F752C8846FE333A38 /* Check Pods Manifest.lock */,
				54CEAD1D1D5F1C85003D916C /* Sources */,
				54CEAD1E1D5F1C85003D916C /* Frameworks */,
				54CEAD1F1D5F1C85003D916C /* Resources */,
				0F70D9EFEEA4325CB4344AAE /* Embed Pods Frameworks */,
				02A8D9B2317984E0B7CB35C5 /* Copy Pods Resources */,
			);
			buildRules = (
			);
			dependencies = (
			);
			name = Audile;
			productName = Audile;
			productReference = 54CEAD211D5F1C85003D916C /* Audile.app */;
			productType = "com.apple.product-type.application";
		};
/* End PBXNativeTarget section */

/* Begin PBXProject section */
		54CEAD191D5F1C85003D916C /* Project object */ = {
			isa = PBXProject;
			attributes = {
				LastSwiftUpdateCheck = 0730;
				LastUpgradeCheck = 0730;
				ORGANIZATIONNAME = ku;
				TargetAttributes = {
					54CEAD201D5F1C85003D916C = {
						CreatedOnToolsVersion = 7.3.1;
						DevelopmentTeam = 4F3N73WJF7;
					};
				};
			};
			buildConfigurationList = 54CEAD1C1D5F1C85003D916C /* Build configuration list for PBXProject "Audile" */;
			compatibilityVersion = "Xcode 3.2";
			developmentRegion = English;
			hasScannedForEncodings = 0;
			knownRegions = (
				en,
				Base,
			);
			mainGroup = 54CEAD181D5F1C85003D916C;
			productRefGroup = 54CEAD221D5F1C85003D916C /* Products */;
			projectDirPath = "";
			projectRoot = "";
			targets = (
				54CEAD201D5F1C85003D916C /* Audile */,
			);
		};
/* End PBXProject section */

/* Begin PBXResourcesBuildPhase section */
		54CEAD1F1D5F1C85003D916C /* Resources */ = {
			isa = PBXResourcesBuildPhase;
			buildActionMask = 2147483647;
			files = (
				54CEAD2F1D5F1C85003D916C /* LaunchScreen.storyboard in Resources */,
				54CEAD551D6141A6003D916C /* SongTableViewCell.xib in Resources */,
				54CEAD771D61C19F003D916C /* Info.plist in Resources */,
				54CEAD451D5F7656003D916C /* SongCollectionViewCell.xib in Resources */,
				54CEAD2C1D5F1C85003D916C /* Assets.xcassets in Resources */,
				54CEAD2A1D5F1C85003D916C /* Main.storyboard in Resources */,
			);
			runOnlyForDeploymentPostprocessing = 0;
		};
/* End PBXResourcesBuildPhase section */

/* Begin PBXShellScriptBuildPhase section */
		02A8D9B2317984E0B7CB35C5 /* Copy Pods Resources */ = {
			isa = PBXShellScriptBuildPhase;
			buildActionMask = 2147483647;
			files = (
			);
			inputPaths = (
			);
			name = "Copy Pods Resources";
			outputPaths = (
			);
			runOnlyForDeploymentPostprocessing = 0;
			shellPath = /bin/sh;
			shellScript = "\"${SRCROOT}/Pods/Target Support Files/Pods-Audile/Pods-Audile-resources.sh\"\n";
			showEnvVarsInLog = 0;
		};
		0F70D9EFEEA4325CB4344AAE /* Embed Pods Frameworks */ = {
			isa = PBXShellScriptBuildPhase;
			buildActionMask = 2147483647;
			files = (
			);
			inputPaths = (
			);
			name = "Embed Pods Frameworks";
			outputPaths = (
			);
			runOnlyForDeploymentPostprocessing = 0;
			shellPath = /bin/sh;
			shellScript = "\"${SRCROOT}/Pods/Target Support Files/Pods-Audile/Pods-Audile-frameworks.sh\"\n";
			showEnvVarsInLog = 0;
		};
		95DD1D7F752C8846FE333A38 /* Check Pods Manifest.lock */ = {
			isa = PBXShellScriptBuildPhase;
			buildActionMask = 2147483647;
			files = (
			);
			inputPaths = (
			);
			name = "Check Pods Manifest.lock";
			outputPaths = (
			);
			runOnlyForDeploymentPostprocessing = 0;
			shellPath = /bin/sh;
			shellScript = "diff \"${PODS_ROOT}/../Podfile.lock\" \"${PODS_ROOT}/Manifest.lock\" > /dev/null\nif [[ $? != 0 ]] ; then\n    cat << EOM\nerror: The sandbox is not in sync with the Podfile.lock. Run 'pod install' or update your CocoaPods installation.\nEOM\n    exit 1\nfi\n";
			showEnvVarsInLog = 0;
		};
/* End PBXShellScriptBuildPhase section */

/* Begin PBXSourcesBuildPhase section */
		54CEAD1D1D5F1C85003D916C /* Sources */ = {
			isa = PBXSourcesBuildPhase;
			buildActionMask = 2147483647;
			files = (
				54CEAD441D5F7656003D916C /* SongCollectionViewCell.swift in Sources */,
				54CEAD651D618404003D916C /* DropdownItem.swift in Sources */,
				54CEAD661D618405003D916C /* DropdownMenu.swift in Sources */,
				54CEAD521D5F7C36003D916C /* MusicDataProvider.swift in Sources */,
				54CEAD7A1D61CC09003D916C /* SongProgressBar.swift in Sources */,
				54CEAD6E1D61ABD7003D916C /* ViewController.swift in Sources */,
				54CEAD571D61432F003D916C /* SongTableViewCell.swift in Sources */,
				54CEAD781D61C19F003D916C /* LinearProgressView.swift in Sources */,
				54CEAD251D5F1C85003D916C /* AppDelegate.swift in Sources */,
				54647EDC1D6317690010F8DE /* Pulsator.swift in Sources */,
				54CEAD6D1D61ABD7003D916C /* DevicesViewController.swift in Sources */,
				54CEAD4F1D5F7B00003D916C /* Song.swift in Sources */,
				54CEAD671D618405003D916C /* DropUpMenu.swift in Sources */,
				54605AD41D62324900EBE5DD /* SongSearchBar.swift in Sources */,
				54CEAD481D5F77A8003D916C /* CellInterface.swift in Sources */,
			);
			runOnlyForDeploymentPostprocessing = 0;
		};
/* End PBXSourcesBuildPhase section */

/* Begin PBXVariantGroup section */
		54CEAD281D5F1C85003D916C /* Main.storyboard */ = {
			isa = PBXVariantGroup;
			children = (
				54CEAD291D5F1C85003D916C /* Base */,
			);
			name = Main.storyboard;
			sourceTree = "<group>";
		};
		54CEAD2D1D5F1C85003D916C /* LaunchScreen.storyboard */ = {
			isa = PBXVariantGroup;
			children = (
				54CEAD2E1D5F1C85003D916C /* Base */,
			);
			name = LaunchScreen.storyboard;
			sourceTree = "<group>";
		};
/* End PBXVariantGroup section */

/* Begin XCBuildConfiguration section */
		54CEAD311D5F1C85003D916C /* Debug */ = {
			isa = XCBuildConfiguration;
			buildSettings = {
				ALWAYS_SEARCH_USER_PATHS = NO;
				CLANG_ANALYZER_NONNULL = YES;
				CLANG_CXX_LANGUAGE_STANDARD = "gnu++0x";
				CLANG_CXX_LIBRARY = "libc++";
				CLANG_ENABLE_MODULES = YES;
				CLANG_ENABLE_OBJC_ARC = YES;
				CLANG_WARN_BOOL_CONVERSION = YES;
				CLANG_WARN_CONSTANT_CONVERSION = YES;
				CLANG_WARN_DIRECT_OBJC_ISA_USAGE = YES_ERROR;
				CLANG_WARN_EMPTY_BODY = YES;
				CLANG_WARN_ENUM_CONVERSION = YES;
				CLANG_WARN_INT_CONVERSION = YES;
				CLANG_WARN_OBJC_ROOT_CLASS = YES_ERROR;
				CLANG_WARN_UNREACHABLE_CODE = YES;
				CLANG_WARN__DUPLICATE_METHOD_MATCH = YES;
				CODE_SIGN_IDENTITY = "iPhone Distribution: Ting Yang (4F3N73WJF7)";
				"CODE_SIGN_IDENTITY[sdk=iphoneos*]" = "iPhone Distribution: Ting Yang (4F3N73WJF7)";
				COPY_PHASE_STRIP = NO;
				DEBUG_INFORMATION_FORMAT = dwarf;
				ENABLE_STRICT_OBJC_MSGSEND = YES;
				ENABLE_TESTABILITY = YES;
				GCC_C_LANGUAGE_STANDARD = gnu99;
				GCC_DYNAMIC_NO_PIC = NO;
				GCC_NO_COMMON_BLOCKS = YES;
				GCC_OPTIMIZATION_LEVEL = 0;
				GCC_PREPROCESSOR_DEFINITIONS = (
					"DEBUG=1",
					"$(inherited)",
				);
				GCC_WARN_64_TO_32_BIT_CONVERSION = YES;
				GCC_WARN_ABOUT_RETURN_TYPE = YES_ERROR;
				GCC_WARN_UNDECLARED_SELECTOR = YES;
				GCC_WARN_UNINITIALIZED_AUTOS = YES_AGGRESSIVE;
				GCC_WARN_UNUSED_FUNCTION = YES;
				GCC_WARN_UNUSED_VARIABLE = YES;
				IPHONEOS_DEPLOYMENT_TARGET = 9.3;
				MTL_ENABLE_DEBUG_INFO = YES;
				ONLY_ACTIVE_ARCH = YES;
				SDKROOT = iphoneos;
				SWIFT_OPTIMIZATION_LEVEL = "-Onone";
			};
			name = Debug;
		};
		54CEAD321D5F1C85003D916C /* Release */ = {
			isa = XCBuildConfiguration;
			buildSettings = {
				ALWAYS_SEARCH_USER_PATHS = NO;
				CLANG_ANALYZER_NONNULL = YES;
				CLANG_CXX_LANGUAGE_STANDARD = "gnu++0x";
				CLANG_CXX_LIBRARY = "libc++";
				CLANG_ENABLE_MODULES = YES;
				CLANG_ENABLE_OBJC_ARC = YES;
				CLANG_WARN_BOOL_CONVERSION = YES;
				CLANG_WARN_CONSTANT_CONVERSION = YES;
				CLANG_WARN_DIRECT_OBJC_ISA_USAGE = YES_ERROR;
				CLANG_WARN_EMPTY_BODY = YES;
				CLANG_WARN_ENUM_CONVERSION = YES;
				CLANG_WARN_INT_CONVERSION = YES;
				CLANG_WARN_OBJC_ROOT_CLASS = YES_ERROR;
				CLANG_WARN_UNREACHABLE_CODE = YES;
				CLANG_WARN__DUPLICATE_METHOD_MATCH = YES;
				"CODE_SIGN_IDENTITY[sdk=iphoneos*]" = "iPhone Distribution: Ting Yang (4F3N73WJF7)";
				COPY_PHASE_STRIP = NO;
				DEBUG_INFORMATION_FORMAT = "dwarf-with-dsym";
				ENABLE_NS_ASSERTIONS = NO;
				ENABLE_STRICT_OBJC_MSGSEND = YES;
				GCC_C_LANGUAGE_STANDARD = gnu99;
				GCC_NO_COMMON_BLOCKS = YES;
				GCC_WARN_64_TO_32_BIT_CONVERSION = YES;
				GCC_WARN_ABOUT_RETURN_TYPE = YES_ERROR;
				GCC_WARN_UNDECLARED_SELECTOR = YES;
				GCC_WARN_UNINITIALIZED_AUTOS = YES_AGGRESSIVE;
				GCC_WARN_UNUSED_FUNCTION = YES;
				GCC_WARN_UNUSED_VARIABLE = YES;
				IPHONEOS_DEPLOYMENT_TARGET = 9.3;
				MTL_ENABLE_DEBUG_INFO = NO;
				SDKROOT = iphoneos;
				VALIDATE_PRODUCT = YES;
			};
			name = Release;
		};
		54CEAD341D5F1C85003D916C /* Debug */ = {
			isa = XCBuildConfiguration;
			baseConfigurationReference = 2E8BBDA634F6D31BAFBD94BC /* Pods-Audile.debug.xcconfig */;
			buildSettings = {
				ASSETCATALOG_COMPILER_APPICON_NAME = AppIcon;
				CODE_SIGN_IDENTITY = "iPhone Distribution: Ting Yang (4F3N73WJF7)";
				"CODE_SIGN_IDENTITY[sdk=iphoneos*]" = "iPhone Distribution: Ting Yang (4F3N73WJF7)";
				FRAMEWORK_SEARCH_PATHS = (
					"$(inherited)",
					"$(PROJECT_DIR)/Frameworks",
					"$(PROJECT_DIR)/Audile/frameworks",
				);
				INFOPLIST_FILE = Audile/Info.plist;
				IPHONEOS_DEPLOYMENT_TARGET = 9.3;
				LD_RUNPATH_SEARCH_PATHS = "$(inherited) @executable_path/Frameworks";
				PRODUCT_BUNDLE_IDENTIFIER = com.audile.audioapp;
				PRODUCT_NAME = "$(TARGET_NAME)";
				PROVISIONING_PROFILE = "5b2c6d05-302b-4ed3-926b-9e412be366a2";
			};
			name = Debug;
		};
		54CEAD351D5F1C85003D916C /* Release */ = {
			isa = XCBuildConfiguration;
			baseConfigurationReference = 1A29B2B030057DC15A3917E2 /* Pods-Audile.release.xcconfig */;
			buildSettings = {
				ASSETCATALOG_COMPILER_APPICON_NAME = AppIcon;
				CODE_SIGN_IDENTITY = "iPhone Distribution: Ting Yang (4F3N73WJF7)";
				"CODE_SIGN_IDENTITY[sdk=iphoneos*]" = "iPhone Distribution: Ting Yang (4F3N73WJF7)";
				FRAMEWORK_SEARCH_PATHS = (
					"$(inherited)",
					"$(PROJECT_DIR)/Frameworks",
					"$(PROJECT_DIR)/Audile/frameworks",
				);
				INFOPLIST_FILE = Audile/Info.plist;
				IPHONEOS_DEPLOYMENT_TARGET = 9.3;
				LD_RUNPATH_SEARCH_PATHS = "$(inherited) @executable_path/Frameworks";
				PRODUCT_BUNDLE_IDENTIFIER = com.audile.audioapp;
				PRODUCT_NAME = "$(TARGET_NAME)";
				PROVISIONING_PROFILE = "5b2c6d05-302b-4ed3-926b-9e412be366a2";
			};
			name = Release;
		};
/* End XCBuildConfiguration section */

/* Begin XCConfigurationList section */
		54CEAD1C1D5F1C85003D916C /* Build configuration list for PBXProject "Audile" */ = {
			isa = XCConfigurationList;
			buildConfigurations = (
				54CEAD311D5F1C85003D916C /* Debug */,
				54CEAD321D5F1C85003D916C /* Release */,
			);
			defaultConfigurationIsVisible = 0;
			defaultConfigurationName = Release;
		};
		54CEAD331D5F1C85003D916C /* Build configuration list for PBXNativeTarget "Audile" */ = {
			isa = XCConfigurationList;
			buildConfigurations = (
				54CEAD341D5F1C85003D916C /* Debug */,
				54CEAD351D5F1C85003D916C /* Release */,
			);
			defaultConfigurationIsVisible = 0;
			defaultConfigurationName = Release;
		};
/* End XCConfigurationList section */
	};
	rootObject = 54CEAD191D5F1C85003D916C /* Project object */;
}
